
Microsoft Visual Studio Solution File, Format Version 12.00
# Visual Studio Version 17
VisualStudioVersion = 17.9.34616.47
MinimumVisualStudioVersion = 10.0.40219.1
Project("{8BC9CEB8-8B4A-11D0-8D11-00A0C91BC942}") = "SumDigits", "SumDigits\SumDigits.vcxproj", "{5296D26A-1820-4813-BB8F-4A4EE7E3AAFB}"
EndProject
Global
	GlobalSection(SolutionConfigurationPlatforms) = preSolution
		Debug|x64 = Debug|x64
		Debug|x86 = Debug|x86
		Release|x64 = Release|x64
		Release|x86 = Release|x86
	EndGlobalSection
	GlobalSection(ProjectConfigurationPlatforms) = postSolution
		{5296D26A-1820-4813-BB8F-4A4EE7E3AAFB}.Debug|x64.ActiveCfg = Debug|x64
		{5296D26A-1820-4813-BB8F-4A4EE7E3AAFB}.Debug|x64.Build.0 = Debug|x64
		{5296D26A-1820-4813-BB8F-4A4EE7E3AAFB}.Debug|x86.ActiveCfg = Debug|Win32
		{5296D26A-1820-4813-BB8F-4A4EE7E3AAFB}.Debug|x86.Build.0 = Debug|Win32
		{5296D26A-1820-4813-BB8F-4A4EE7E3AAFB}.Release|x64.ActiveCfg = Release|x64
		{5296D26A-1820-4813-BB8F-4A4EE7E3AAFB}.Release|x64.Build.0 = Release|x64
		{5296D26A-1820-4813-BB8F-4A4EE7E3AAFB}.Release|x86.ActiveCfg = Release|Win32
		{5296D26A-1820-4813-BB8F-4A4EE7E3AAFB}.Release|x86.Build.0 = Release|Win32
	EndGlobalSection
	GlobalSection(SolutionProperties) = preSolution
		HideSolutionNode = FALSE
	EndGlobalSection
	GlobalSection(ExtensibilityGlobals) = postSolution
		SolutionGuid = {5278E5D5-CCA9-45BA-8570-98707A3D8978}
	EndGlobalSection
EndGlobal
